// !$*UTF8*$!
{
	archiveVersion = 1;
	classes = {
	};
	objectVersion = 48;
	objects = {

/* Begin PBXBuildFile section */
		3CA1330E20C467470026A06A /* CategoryViewController.swift in Sources */ = {isa = PBXBuildFile; fileRef = 3CA1330D20C467470026A06A /* CategoryViewController.swift */; };
		3CA1331220C4691C0026A06A /* SKCategory.swift in Sources */ = {isa = PBXBuildFile; fileRef = 3CA1331020C4691C0026A06A /* SKCategory.swift */; };
		3CA1331320C4691C0026A06A /* SKPost.swift in Sources */ = {isa = PBXBuildFile; fileRef = 3CA1331120C4691C0026A06A /* SKPost.swift */; };
		3CA1331520C46B1E0026A06A /* BannerTableViewCell.swift in Sources */ = {isa = PBXBuildFile; fileRef = 3CA1331420C46B1D0026A06A /* BannerTableViewCell.swift */; };
		3CA1331720C4746F0026A06A /* NewsViewController.swift in Sources */ = {isa = PBXBuildFile; fileRef = 3CA1331620C4746F0026A06A /* NewsViewController.swift */; };
		3CA1331A20C480E30026A06A /* NewsDetailViewController.swift in Sources */ = {isa = PBXBuildFile; fileRef = 3CA1331820C47FEA0026A06A /* NewsDetailViewController.swift */; };
		3CCFB18620C4609100424864 /* AppDelegate.swift in Sources */ = {isa = PBXBuildFile; fileRef = 3CCFB18520C4609100424864 /* AppDelegate.swift */; };
		3CCFB18B20C4609100424864 /* Main.storyboard in Resources */ = {isa = PBXBuildFile; fileRef = 3CCFB18920C4609100424864 /* Main.storyboard */; };
		3CCFB18D20C4609200424864 /* Assets.xcassets in Resources */ = {isa = PBXBuildFile; fileRef = 3CCFB18C20C4609200424864 /* Assets.xcassets */; };
		3CCFB19020C4609200424864 /* LaunchScreen.storyboard in Resources */ = {isa = PBXBuildFile; fileRef = 3CCFB18E20C4609200424864 /* LaunchScreen.storyboard */; };
		DADCB33FCD98DF456DF1C5B3 /* Pods_iOS_Ass3.framework in Frameworks */ = {isa = PBXBuildFile; fileRef = 941727C3B9E74B4A74534B64 /* Pods_iOS_Ass3.framework */; };
/* End PBXBuildFile section */

/* Begin PBXFileReference section */
		2B4A353BB8F1745D0E43623B /* Pods-iOS-Ass3.release.xcconfig */ = {isa = PBXFileReference; includeInIndex = 1; lastKnownFileType = text.xcconfig; name = "Pods-iOS-Ass3.release.xcconfig"; path = "Pods/Target Support Files/Pods-iOS-Ass3/Pods-iOS-Ass3.release.xcconfig"; sourceTree = "<group>"; };
		3CA1330D20C467470026A06A /* CategoryViewController.swift */ = {isa = PBXFileReference; lastKnownFileType = sourcecode.swift; path = CategoryViewController.swift; sourceTree = "<group>"; };
		3CA1331020C4691C0026A06A /* SKCategory.swift */ = {isa = PBXFileReference; fileEncoding = 4; lastKnownFileType = sourcecode.swift; path = SKCategory.swift; sourceTree = "<group>"; };
		3CA1331120C4691C0026A06A /* SKPost.swift */ = {isa = PBXFileReference; fileEncoding = 4; lastKnownFileType = sourcecode.swift; path = SKPost.swift; sourceTree = "<group>"; };
		3CA1331420C46B1D0026A06A /* BannerTableViewCell.swift */ = {isa = PBXFileReference; lastKnownFileType = sourcecode.swift; name = BannerTableViewCell.swift; path = "/Users/XujieSong/Desktop/project3-group18/iOS-Ass3/iOS-Ass3/BannerTableViewCell.swift"; sourceTree = "<absolute>"; };
		3CA1331620C4746F0026A06A /* NewsViewController.swift */ = {isa = PBXFileReference; fileEncoding = 4; lastKnownFileType = sourcecode.swift; path = NewsViewController.swift; sourceTree = "<group>"; };
		3CA1331820C47FEA0026A06A /* NewsDetailViewController.swift */ = {isa = PBXFileReference; lastKnownFileType = sourcecode.swift; path = NewsDetailViewController.swift; sourceTree = "<group>"; };
		3CCFB18220C4609100424864 /* iOS-Ass3.app */ = {isa = PBXFileReference; explicitFileType = wrapper.application; includeInIndex = 0; path = "iOS-Ass3.app"; sourceTree = BUILT_PRODUCTS_DIR; };
		3CCFB18520C4609100424864 /* AppDelegate.swift */ = {isa = PBXFileReference; lastKnownFileType = sourcecode.swift; path = AppDelegate.swift; sourceTree = "<group>"; };
		3CCFB18A20C4609100424864 /* Base */ = {isa = PBXFileReference; lastKnownFileType = file.storyboard; name = Base; path = Base.lproj/Main.storyboard; sourceTree = "<group>"; };
		3CCFB18C20C4609200424864 /* Assets.xcassets */ = {isa = PBXFileReference; lastKnownFileType = folder.assetcatalog; path = Assets.xcassets; sourceTree = "<group>"; };
		3CCFB18F20C4609200424864 /* Base */ = {isa = PBXFileReference; lastKnownFileType = file.storyboard; name = Base; path = Base.lproj/LaunchScreen.storyboard; sourceTree = "<group>"; };
		3CCFB19120C4609200424864 /* Info.plist */ = {isa = PBXFileReference; lastKnownFileType = text.plist.xml; path = Info.plist; sourceTree = "<group>"; };
		941727C3B9E74B4A74534B64 /* Pods_iOS_Ass3.framework */ = {isa = PBXFileReference; explicitFileType = wrapper.framework; includeInIndex = 0; path = Pods_iOS_Ass3.framework; sourceTree = BUILT_PRODUCTS_DIR; };
		F80AF08C0B38500517DDAABF /* Pods-iOS-Ass3.debug.xcconfig */ = {isa = PBXFileReference; includeInIndex = 1; lastKnownFileType = text.xcconfig; name = "Pods-iOS-Ass3.debug.xcconfig"; path = "Pods/Target Support Files/Pods-iOS-Ass3/Pods-iOS-Ass3.debug.xcconfig"; sourceTree = "<group>"; };
/* End PBXFileReference section */

/* Begin PBXFrameworksBuildPhase section */
		3CCFB17F20C4609100424864 /* Frameworks */ = {
			isa = PBXFrameworksBuildPhase;
			buildActionMask = 2147483647;
			files = (
				DADCB33FCD98DF456DF1C5B3 /* Pods_iOS_Ass3.framework in Frameworks */,
			);
			runOnlyForDeploymentPostprocessing = 0;
		};
/* End PBXFrameworksBuildPhase section */

/* Begin PBXGroup section */
		1A8E761BE4E7D28C18053256 /* Frameworks */ = {
			isa = PBXGroup;
			children = (
				941727C3B9E74B4A74534B64 /* Pods_iOS_Ass3.framework */,
			);
			name = Frameworks;
			sourceTree = "<group>";
		};
		32A4172F97F69A3955F0B6E8 /* Pods */ = {
			isa = PBXGroup;
			children = (
				F80AF08C0B38500517DDAABF /* Pods-iOS-Ass3.debug.xcconfig */,
				2B4A353BB8F1745D0E43623B /* Pods-iOS-Ass3.release.xcconfig */,
			);
			name = Pods;
			sourceTree = "<group>";
		};
		3CA1330F20C468E40026A06A /* Model */ = {
			isa = PBXGroup;
			children = (
				3CA1331020C4691C0026A06A /* SKCategory.swift */,
				3CA1331120C4691C0026A06A /* SKPost.swift */,
			);
			path = Model;
			sourceTree = "<group>";
		};
		3CCFB17920C4609100424864 = {
			isa = PBXGroup;
			children = (
				3CCFB18420C4609100424864 /* iOS-Ass3 */,
				3CCFB18320C4609100424864 /* Products */,
				32A4172F97F69A3955F0B6E8 /* Pods */,
				1A8E761BE4E7D28C18053256 /* Frameworks */,
			);
			sourceTree = "<group>";
		};
		3CCFB18320C4609100424864 /* Products */ = {
			isa = PBXGroup;
			children = (
				3CCFB18220C4609100424864 /* iOS-Ass3.app */,
			);
			name = Products;
			sourceTree = "<group>";
		};
		3CCFB18420C4609100424864 /* iOS-Ass3 */ = {
			isa = PBXGroup;
			children = (
				3CA1330F20C468E40026A06A /* Model */,
				3CCFB18520C4609100424864 /* AppDelegate.swift */,
				3CCFB18920C4609100424864 /* Main.storyboard */,
				3CA1331420C46B1D0026A06A /* BannerTableViewCell.swift */,
				3CA1330D20C467470026A06A /* CategoryViewController.swift */,
				3CA1331620C4746F0026A06A /* NewsViewController.swift */,
				3CA1331820C47FEA0026A06A /* NewsDetailViewController.swift */,
				3CCFB18C20C4609200424864 /* Assets.xcassets */,
				3CCFB18E20C4609200424864 /* LaunchScreen.storyboard */,
				3CCFB19120C4609200424864 /* Info.plist */,
			);
			path = "iOS-Ass3";
			sourceTree = "<group>";
		};
/* End PBXGroup section */

/* Begin PBXNativeTarget section */
		3CCFB18120C4609100424864 /* iOS-Ass3 */ = {
			isa = PBXNativeTarget;
			buildConfigurationList = 3CCFB19420C4609200424864 /* Build configuration list for PBXNativeTarget "iOS-Ass3" */;
			buildPhases = (
				3454605658D1D15A65930059 /* [CP] Check Pods Manifest.lock */,
				3CCFB17E20C4609100424864 /* Sources */,
				3CCFB17F20C4609100424864 /* Frameworks */,
				3CCFB18020C4609100424864 /* Resources */,
				056C62415DA10F3A5733E134 /* [CP] Embed Pods Frameworks */,
				D455EA36F084D6278F9F21BE /* [CP] Copy Pods Resources */,
			);
			buildRules = (
			);
			dependencies = (
			);
			name = "iOS-Ass3";
			productName = "iOS-Ass3";
			productReference = 3CCFB18220C4609100424864 /* iOS-Ass3.app */;
			productType = "com.apple.product-type.application";
		};
/* End PBXNativeTarget section */

/* Begin PBXProject section */
		3CCFB17A20C4609100424864 /* Project object */ = {
			isa = PBXProject;
			attributes = {
				LastSwiftUpdateCheck = 0940;
				LastUpgradeCheck = 0940;
				ORGANIZATIONNAME = UTS;
				TargetAttributes = {
					3CCFB18120C4609100424864 = {
						CreatedOnToolsVersion = 9.4;
						ProvisioningStyle = Automatic;
					};
				};
			};
			buildConfigurationList = 3CCFB17D20C4609100424864 /* Build configuration list for PBXProject "iOS-Ass3" */;
			compatibilityVersion = "Xcode 8.0";
			developmentRegion = en;
			hasScannedForEncodings = 0;
			knownRegions = (
				en,
				Base,
			);
			mainGroup = 3CCFB17920C4609100424864;
			productRefGroup = 3CCFB18320C4609100424864 /* Products */;
			projectDirPath = "";
			projectRoot = "";
			targets = (
				3CCFB18120C4609100424864 /* iOS-Ass3 */,
			);
		};
/* End PBXProject section */

/* Begin PBXResourcesBuildPhase section */
		3CCFB18020C4609100424864 /* Resources */ = {
			isa = PBXResourcesBuildPhase;
			buildActionMask = 2147483647;
			files = (
				3CCFB19020C4609200424864 /* LaunchScreen.storyboard in Resources */,
				3CCFB18D20C4609200424864 /* Assets.xcassets in Resources */,
				3CCFB18B20C4609100424864 /* Main.storyboard in Resources */,
			);
			runOnlyForDeploymentPostprocessing = 0;
		};
/* End PBXResourcesBuildPhase section */

/* Begin PBXShellScriptBuildPhase section */
		056C62415DA10F3A5733E134 /* [CP] Embed Pods Frameworks */ = {
			isa = PBXShellScriptBuildPhase;
			buildActionMask = 2147483647;
			files = (
			);
			inputPaths = (
				"${SRCROOT}/Pods/Target Support Files/Pods-iOS-Ass3/Pods-iOS-Ass3-frameworks.sh",
				"${BUILT_PRODUCTS_DIR}/SDWebImage/SDWebImage.framework",
				"${BUILT_PRODUCTS_DIR}/SVProgressHUD/SVProgressHUD.framework",
				"${BUILT_PRODUCTS_DIR}/WPAPI/WPAPI.framework",
			);
			name = "[CP] Embed Pods Frameworks";
			outputPaths = (
				"${TARGET_BUILD_DIR}/${FRAMEWORKS_FOLDER_PATH}/SDWebImage.framework",
				"${TARGET_BUILD_DIR}/${FRAMEWORKS_FOLDER_PATH}/SVProgressHUD.framework",
				"${TARGET_BUILD_DIR}/${FRAMEWORKS_FOLDER_PATH}/WPAPI.framework",
			);
			runOnlyForDeploymentPostprocessing = 0;
			shellPath = /bin/sh;
			shellScript = "\"${SRCROOT}/Pods/Target Support Files/Pods-iOS-Ass3/Pods-iOS-Ass3-frameworks.sh\"\n";
			showEnvVarsInLog = 0;
		};
		3454605658D1D15A65930059 /* [CP] Check Pods Manifest.lock */ = {
			isa = PBXShellScriptBuildPhase;
			buildActionMask = 2147483647;
			files = (
			);
			inputPaths = (
				"${PODS_PODFILE_DIR_PATH}/Podfile.lock",
				"${PODS_ROOT}/Manifest.lock",
			);
			name = "[CP] Check Pods Manifest.lock";
			outputPaths = (
				"$(DERIVED_FILE_DIR)/Pods-iOS-Ass3-checkManifestLockResult.txt",
			);
			runOnlyForDeploymentPostprocessing = 0;
			shellPath = /bin/sh;
			shellScript = "diff \"${PODS_PODFILE_DIR_PATH}/Podfile.lock\" \"${PODS_ROOT}/Manifest.lock\" > /dev/null\nif [ $? != 0 ] ; then\n    # print error to STDERR\n    echo \"error: The sandbox is not in sync with the Podfile.lock. Run 'pod install' or update your CocoaPods installation.\" >&2\n    exit 1\nfi\n# This output is used by Xcode 'outputs' to avoid re-running this script phase.\necho \"SUCCESS\" > \"${SCRIPT_OUTPUT_FILE_0}\"\n";
			showEnvVarsInLog = 0;
		};
		D455EA36F084D6278F9F21BE /* [CP] Copy Pods Resources */ = {
			isa = PBXShellScriptBuildPhase;
			buildActionMask = 2147483647;
			files = (
			);
			inputPaths = (
			);
			name = "[CP] Copy Pods Resources";
			outputPaths = (
			);
			runOnlyForDeploymentPostprocessing = 0;
			shellPath = /bin/sh;
			shellScript = "\"${SRCROOT}/Pods/Target Support Files/Pods-iOS-Ass3/Pods-iOS-Ass3-resources.sh\"\n";
			showEnvVarsInLog = 0;
		};
/* End PBXShellScriptBuildPhase section */

/* Begin PBXSourcesBuildPhase section */
		3CCFB17E20C4609100424864 /* Sources */ = {
			isa = PBXSourcesBuildPhase;
			buildActionMask = 2147483647;
			files = (
				3CA1331520C46B1E0026A06A /* BannerTableViewCell.swift in Sources */,
				3CA1330E20C467470026A06A /* CategoryViewController.swift in Sources */,
				3CA1331220C4691C0026A06A /* SKCategory.swift in Sources */,
				3CA1331A20C480E30026A06A /* NewsDetailViewController.swift in Sources */,
				3CA1331720C4746F0026A06A /* NewsViewController.swift in Sources */,
				3CCFB18620C4609100424864 /* AppDelegate.swift in Sources */,
				3CA1331320C4691C0026A06A /* SKPost.swift in Sources */,
			);
			runOnlyForDeploymentPostprocessing = 0;
		};
/* End PBXSourcesBuildPhase section */

/* Begin PBXVariantGroup section */
		3CCFB18920C4609100424864 /* Main.storyboard */ = {
			isa = PBXVariantGroup;
			children = (
				3CCFB18A20C4609100424864 /* Base */,
			);
			name = Main.storyboard;
			sourceTree = "<group>";
		};
		3CCFB18E20C4609200424864 /* LaunchScreen.storyboard */ = {
			isa = PBXVariantGroup;
			children = (
				3CCFB18F20C4609200424864 /* Base */,
			);
			name = LaunchScreen.storyboard;
			sourceTree = "<group>";
		};
/* End PBXVariantGroup section */

/* Begin XCBuildConfiguration section */
		3CCFB19220C4609200424864 /* Debug */ = {
			isa = XCBuildConfiguration;
			buildSettings = {
				ALWAYS_SEARCH_USER_PATHS = NO;
				CLANG_ANALYZER_NONNULL = YES;
				CLANG_ANALYZER_NUMBER_OBJECT_CONVERSION = YES_AGGRESSIVE;
				CLANG_CXX_LANGUAGE_STANDARD = "gnu++14";
				CLANG_CXX_LIBRARY = "libc++";
				CLANG_ENABLE_MODULES = YES;
				CLANG_ENABLE_OBJC_ARC = YES;
				CLANG_ENABLE_OBJC_WEAK = YES;
				CLANG_WARN_BLOCK_CAPTURE_AUTORELEASING = YES;
				CLANG_WARN_BOOL_CONVERSION = YES;
				CLANG_WARN_COMMA = YES;
				CLANG_WARN_CONSTANT_CONVERSION = YES;
				CLANG_WARN_DEPRECATED_OBJC_IMPLEMENTATIONS = YES;
				CLANG_WARN_DIRECT_OBJC_ISA_USAGE = YES_ERROR;
				CLANG_WARN_DOCUMENTATION_COMMENTS = YES;
				CLANG_WARN_EMPTY_BODY = YES;
				CLANG_WARN_ENUM_CONVERSION = YES;
				CLANG_WARN_INFINITE_RECURSION = YES;
				CLANG_WARN_INT_CONVERSION = YES;
				CLANG_WARN_NON_LITERAL_NULL_CONVERSION = YES;
				CLANG_WARN_OBJC_IMPLICIT_RETAIN_SELF = YES;
				CLANG_WARN_OBJC_LITERAL_CONVERSION = YES;
				CLANG_WARN_OBJC_ROOT_CLASS = YES_ERROR;
				CLANG_WARN_RANGE_LOOP_ANALYSIS = YES;
				CLANG_WARN_STRICT_PROTOTYPES = YES;
				CLANG_WARN_SUSPICIOUS_MOVE = YES;
				CLANG_WARN_UNGUARDED_AVAILABILITY = YES_AGGRESSIVE;
				CLANG_WARN_UNREACHABLE_CODE = YES;
				CLANG_WARN__DUPLICATE_METHOD_MATCH = YES;
				CODE_SIGN_IDENTITY = "iPhone Developer";
				COPY_PHASE_STRIP = NO;
				DEBUG_INFORMATION_FORMAT = dwarf;
				ENABLE_STRICT_OBJC_MSGSEND = YES;
				ENABLE_TESTABILITY = YES;
				GCC_C_LANGUAGE_STANDARD = gnu11;
				GCC_DYNAMIC_NO_PIC = NO;
				GCC_NO_COMMON_BLOCKS = YES;
				GCC_OPTIMIZATION_LEVEL = 0;
				GCC_PREPROCESSOR_DEFINITIONS = (
					"DEBUG=1",
					"$(inherited)",
				);
				GCC_WARN_64_TO_32_BIT_CONVERSION = YES;
				GCC_WARN_ABOUT_RETURN_TYPE = YES_ERROR;
				GCC_WARN_UNDECLARED_SELECTOR = YES;
				GCC_WARN_UNINITIALIZED_AUTOS = YES_AGGRESSIVE;
				GCC_WARN_UNUSED_FUNCTION = YES;
				GCC_WARN_UNUSED_VARIABLE = YES;
				IPHONEOS_DEPLOYMENT_TARGET = 11.4;
				MTL_ENABLE_DEBUG_INFO = YES;
				ONLY_ACTIVE_ARCH = YES;
				SDKROOT = iphoneos;
				SWIFT_ACTIVE_COMPILATION_CONDITIONS = DEBUG;
				SWIFT_OPTIMIZATION_LEVEL = "-Onone";
			};
			name = Debug;
		};
		3CCFB19320C4609200424864 /* Release */ = {
			isa = XCBuildConfiguration;
			buildSettings = {
				ALWAYS_SEARCH_USER_PATHS = NO;
				CLANG_ANALYZER_NONNULL = YES;
				CLANG_ANALYZER_NUMBER_OBJECT_CONVERSION = YES_AGGRESSIVE;
				CLANG_CXX_LANGUAGE_STANDARD = "gnu++14";
				CLANG_CXX_LIBRARY = "libc++";
				CLANG_ENABLE_MODULES = YES;
				CLANG_ENABLE_OBJC_ARC = YES;
				CLANG_ENABLE_OBJC_WEAK = YES;
				CLANG_WARN_BLOCK_CAPTURE_AUTORELEASING = YES;
				CLANG_WARN_BOOL_CONVERSION = YES;
				CLANG_WARN_COMMA = YES;
				CLANG_WARN_CONSTANT_CONVERSION = YES;
				CLANG_WARN_DEPRECATED_OBJC_IMPLEMENTATIONS = YES;
				CLANG_WARN_DIRECT_OBJC_ISA_USAGE = YES_ERROR;
				CLANG_WARN_DOCUMENTATION_COMMENTS = YES;
				CLANG_WARN_EMPTY_BODY = YES;
				CLANG_WARN_ENUM_CONVERSION = YES;
				CLANG_WARN_INFINITE_RECURSION = YES;
				CLANG_WARN_INT_CONVERSION = YES;
				CLANG_WARN_NON_LITERAL_NULL_CONVERSION = YES;
				CLANG_WARN_OBJC_IMPLICIT_RETAIN_SELF = YES;
				CLANG_WARN_OBJC_LITERAL_CONVERSION = YES;
				CLANG_WARN_OBJC_ROOT_CLASS = YES_ERROR;
				CLANG_WARN_RANGE_LOOP_ANALYSIS = YES;
				CLANG_WARN_STRICT_PROTOTYPES = YES;
				CLANG_WARN_SUSPICIOUS_MOVE = YES;
				CLANG_WARN_UNGUARDED_AVAILABILITY = YES_AGGRESSIVE;
				CLANG_WARN_UNREACHABLE_CODE = YES;
				CLANG_WARN__DUPLICATE_METHOD_MATCH = YES;
				CODE_SIGN_IDENTITY = "iPhone Developer";
				COPY_PHASE_STRIP = NO;
				DEBUG_INFORMATION_FORMAT = "dwarf-with-dsym";
				ENABLE_NS_ASSERTIONS = NO;
				ENABLE_STRICT_OBJC_MSGSEND = YES;
				GCC_C_LANGUAGE_STANDARD = gnu11;
				GCC_NO_COMMON_BLOCKS = YES;
				GCC_WARN_64_TO_32_BIT_CONVERSION = YES;
				GCC_WARN_ABOUT_RETURN_TYPE = YES_ERROR;
				GCC_WARN_UNDECLARED_SELECTOR = YES;
				GCC_WARN_UNINITIALIZED_AUTOS = YES_AGGRESSIVE;
				GCC_WARN_UNUSED_FUNCTION = YES;
				GCC_WARN_UNUSED_VARIABLE = YES;
				IPHONEOS_DEPLOYMENT_TARGET = 11.4;
				MTL_ENABLE_DEBUG_INFO = NO;
				SDKROOT = iphoneos;
				SWIFT_OPTIMIZATION_LEVEL = "-Owholemodule";
				VALIDATE_PRODUCT = YES;
			};
			name = Release;
		};
		3CCFB19520C4609200424864 /* Debug */ = {
			isa = XCBuildConfiguration;
			baseConfigurationReference = F80AF08C0B38500517DDAABF /* Pods-iOS-Ass3.debug.xcconfig */;
			buildSettings = {
				ASSETCATALOG_COMPILER_APPICON_NAME = AppIcon;
				CODE_SIGN_STYLE = Automatic;
				INFOPLIST_FILE = "iOS-Ass3/Info.plist";
				LD_RUNPATH_SEARCH_PATHS = "$(inherited) @executable_path/Frameworks";
				PRODUCT_BUNDLE_IDENTIFIER = "au.edu.uts.12431627.iOS-Ass3";
				PRODUCT_NAME = "$(TARGET_NAME)";
				SWIFT_VERSION = 4.0;
				TARGETED_DEVICE_FAMILY = "1,2";
			};
			name = Debug;
		};
		3CCFB19620C4609200424864 /* Release */ = {
			isa = XCBuildConfiguration;
			baseConfigurationReference = 2B4A353BB8F1745D0E43623B /* Pods-iOS-Ass3.release.xcconfig */;
			buildSettings = {
				ASSETCATALOG_COMPILER_APPICON_NAME = AppIcon;
				CODE_SIGN_STYLE = Automatic;
				INFOPLIST_FILE = "iOS-Ass3/Info.plist";
				LD_RUNPATH_SEARCH_PATHS = "$(inherited) @executable_path/Frameworks";
				PRODUCT_BUNDLE_IDENTIFIER = "au.edu.uts.12431627.iOS-Ass3";
				PRODUCT_NAME = "$(TARGET_NAME)";
				SWIFT_VERSION = 4.0;
				TARGETED_DEVICE_FAMILY = "1,2";
			};
			name = Release;
		};
/* End XCBuildConfiguration section */

/* Begin XCConfigurationList section */
		3CCFB17D20C4609100424864 /* Build configuration list for PBXProject "iOS-Ass3" */ = {
			isa = XCConfigurationList;
			buildConfigurations = (
				3CCFB19220C4609200424864 /* Debug */,
				3CCFB19320C4609200424864 /* Release */,
			);
			defaultConfigurationIsVisible = 0;
			defaultConfigurationName = Release;
		};
		3CCFB19420C4609200424864 /* Build configuration list for PBXNativeTarget "iOS-Ass3" */ = {
			isa = XCConfigurationList;
			buildConfigurations = (
				3CCFB19520C4609200424864 /* Debug */,
				3CCFB19620C4609200424864 /* Release */,
			);
			defaultConfigurationIsVisible = 0;
			defaultConfigurationName = Release;
		};
/* End XCConfigurationList section */
	};
	rootObject = 3CCFB17A20C4609100424864 /* Project object */;
}
